{
  "version": 4,
  "terraform_version": "1.2.4",
  "serial": 31,
  "lineage": "95bfbdff-0a86-75c0-99c9-fb5eec77d49b",
  "outputs": {},
  "resources": [
    {
      "mode": "managed",
      "type": "azurerm_application_insights",
      "name": "application_insights",
      "provider": "provider[\"registry.terraform.io/hashicorp/azurerm\"]",
      "instances": [
        {
          "schema_version": 1,
          "attributes": {
            "app_id": "75903c51-38a2-458a-9daa-627c7e154c5c",
            "application_type": "web",
            "connection_string": "InstrumentationKey=9cbe592c-f01f-4396-96e3-2bee126825f6;IngestionEndpoint=https://westus-0.in.applicationinsights.azure.com/;LiveEndpoint=https://westus.livediagnostics.monitor.azure.com/",
            "daily_data_cap_in_gb": 100,
            "daily_data_cap_notifications_disabled": false,
            "disable_ip_masking": false,
            "force_customer_storage_for_profiler": false,
            "id": "/subscriptions/85aee6d8-25f2-42c3-b3bc-a04a444e1a75/resourceGroups/devbeskarrg/providers/Microsoft.Insights/components/devbeskarai",
            "instrumentation_key": "9cbe592c-f01f-4396-96e3-2bee126825f6",
            "internet_ingestion_enabled": true,
            "internet_query_enabled": true,
            "local_authentication_disabled": false,
            "location": "westus",
            "name": "devbeskarai",
            "resource_group_name": "devbeskarrg",
            "retention_in_days": 90,
            "sampling_percentage": 100,
            "tags": null,
            "timeouts": null,
            "workspace_id": null
          },
          "sensitive_attributes": [],
          "private": "eyJlMmJmYjczMC1lY2FhLTExZTYtOGY4OC0zNDM2M2JjN2M0YzAiOnsiY3JlYXRlIjozNjAwMDAwMDAwMDAwLCJkZWxldGUiOjE4MDAwMDAwMDAwMDAsInJlYWQiOjMwMDAwMDAwMDAwMCwidXBkYXRlIjoxODAwMDAwMDAwMDAwfSwic2NoZW1hX3ZlcnNpb24iOiIxIn0=",
          "dependencies": [
            "azurerm_resource_group.resource_group"
          ]
        }
      ]
    },
    {
      "mode": "managed",
      "type": "azurerm_resource_group",
      "name": "resource_group",
      "provider": "provider[\"registry.terraform.io/hashicorp/azurerm\"]",
      "instances": [
        {
          "schema_version": 0,
          "attributes": {
            "id": "/subscriptions/85aee6d8-25f2-42c3-b3bc-a04a444e1a75/resourceGroups/devbeskarrg",
            "location": "westus",
            "name": "devbeskarrg",
            "tags": {
              "Application": "Beskar",
              "Env": "dev",
              "Team": "Engineering"
            },
            "timeouts": null
          },
          "sensitive_attributes": [],
          "private": "eyJlMmJmYjczMC1lY2FhLTExZTYtOGY4OC0zNDM2M2JjN2M0YzAiOnsiY3JlYXRlIjo1NDAwMDAwMDAwMDAwLCJkZWxldGUiOjU0MDAwMDAwMDAwMDAsInJlYWQiOjMwMDAwMDAwMDAwMCwidXBkYXRlIjo1NDAwMDAwMDAwMDAwfX0="
        }
      ]
    },
    {
      "mode": "managed",
      "type": "azurerm_service_plan",
      "name": "service_plan",
      "provider": "provider[\"registry.terraform.io/hashicorp/azurerm\"]",
      "instances": [
        {
          "schema_version": 0,
          "attributes": {
            "app_service_environment_id": "",
            "id": "/subscriptions/85aee6d8-25f2-42c3-b3bc-a04a444e1a75/resourceGroups/devbeskarrg/providers/Microsoft.Web/serverfarms/devbeskarsp",
            "kind": "linux",
            "location": "westus",
            "maximum_elastic_worker_count": 1,
            "name": "devbeskarsp",
            "os_type": "Linux",
            "per_site_scaling_enabled": false,
            "reserved": true,
            "resource_group_name": "devbeskarrg",
            "sku_name": "P1v2",
            "tags": null,
            "timeouts": null,
            "worker_count": 1,
            "zone_balancing_enabled": false
          },
          "sensitive_attributes": [],
          "private": "eyJlMmJmYjczMC1lY2FhLTExZTYtOGY4OC0zNDM2M2JjN2M0YzAiOnsiY3JlYXRlIjozNjAwMDAwMDAwMDAwLCJkZWxldGUiOjM2MDAwMDAwMDAwMDAsInJlYWQiOjMwMDAwMDAwMDAwMCwidXBkYXRlIjozNjAwMDAwMDAwMDAwfX0=",
          "dependencies": [
            "azurerm_resource_group.resource_group"
          ]
        }
      ]
    },
    {
      "mode": "managed",
      "type": "azurerm_storage_account",
      "name": "storage_account",
      "provider": "provider[\"registry.terraform.io/hashicorp/azurerm\"]",
      "instances": [
        {
          "schema_version": 3,
          "attributes": {
            "access_tier": "Hot",
            "account_kind": "StorageV2",
            "account_replication_type": "LRS",
            "account_tier": "Standard",
            "allow_nested_items_to_be_public": true,
            "azure_files_authentication": [],
            "blob_properties": [
              {
                "change_feed_enabled": false,
                "change_feed_retention_in_days": 0,
                "container_delete_retention_policy": [],
                "cors_rule": [],
                "default_service_version": "",
                "delete_retention_policy": [],
                "last_access_time_enabled": false,
                "versioning_enabled": false
              }
            ],
            "cross_tenant_replication_enabled": true,
            "custom_domain": [],
            "customer_managed_key": [],
            "edge_zone": "",
            "enable_https_traffic_only": true,
            "id": "/subscriptions/85aee6d8-25f2-42c3-b3bc-a04a444e1a75/resourceGroups/devbeskarrg/providers/Microsoft.Storage/storageAccounts/devbeskarst",
            "identity": [],
            "infrastructure_encryption_enabled": false,
            "is_hns_enabled": false,
            "large_file_share_enabled": null,
            "location": "westus",
            "min_tls_version": "TLS1_2",
            "name": "devbeskarst",
            "network_rules": [
              {
                "bypass": [
                  "AzureServices"
                ],
                "default_action": "Allow",
                "ip_rules": [],
                "private_link_access": [],
                "virtual_network_subnet_ids": []
              }
            ],
            "nfsv3_enabled": false,
            "primary_access_key": "0Vdg6GKlSN2peEgl36xH4O/f9k9pGBd5y4nDae1MGXIkYzr8o32VkHN7jyeUXLHygDuxbauNEJ3L+ASt9hX9JA==",
            "primary_blob_connection_string": "DefaultEndpointsProtocol=https;BlobEndpoint=https://devbeskarst.blob.core.windows.net/;AccountName=devbeskarst;AccountKey=0Vdg6GKlSN2peEgl36xH4O/f9k9pGBd5y4nDae1MGXIkYzr8o32VkHN7jyeUXLHygDuxbauNEJ3L+ASt9hX9JA==",
            "primary_blob_endpoint": "https://devbeskarst.blob.core.windows.net/",
            "primary_blob_host": "devbeskarst.blob.core.windows.net",
            "primary_connection_string": "DefaultEndpointsProtocol=https;AccountName=devbeskarst;AccountKey=0Vdg6GKlSN2peEgl36xH4O/f9k9pGBd5y4nDae1MGXIkYzr8o32VkHN7jyeUXLHygDuxbauNEJ3L+ASt9hX9JA==;EndpointSuffix=core.windows.net",
            "primary_dfs_endpoint": "https://devbeskarst.dfs.core.windows.net/",
            "primary_dfs_host": "devbeskarst.dfs.core.windows.net",
            "primary_file_endpoint": "https://devbeskarst.file.core.windows.net/",
            "primary_file_host": "devbeskarst.file.core.windows.net",
            "primary_location": "westus",
            "primary_queue_endpoint": "https://devbeskarst.queue.core.windows.net/",
            "primary_queue_host": "devbeskarst.queue.core.windows.net",
            "primary_table_endpoint": "https://devbeskarst.table.core.windows.net/",
            "primary_table_host": "devbeskarst.table.core.windows.net",
            "primary_web_endpoint": "https://devbeskarst.z22.web.core.windows.net/",
            "primary_web_host": "devbeskarst.z22.web.core.windows.net",
            "queue_encryption_key_type": "Service",
            "queue_properties": [
              {
                "cors_rule": [],
                "hour_metrics": [
                  {
                    "enabled": true,
                    "include_apis": true,
                    "retention_policy_days": 7,
                    "version": "1.0"
                  }
                ],
                "logging": [
                  {
                    "delete": false,
                    "read": false,
                    "retention_policy_days": 0,
                    "version": "1.0",
                    "write": false
                  }
                ],
                "minute_metrics": [
                  {
                    "enabled": false,
                    "include_apis": false,
                    "retention_policy_days": 0,
                    "version": "1.0"
                  }
                ]
              }
            ],
            "resource_group_name": "devbeskarrg",
            "routing": [],
            "secondary_access_key": "yZqrXnKN54/gYQbYzKqXifLhHamsd7eSgKmYo+By/y02xTyKe/upRaMj9Hpooufx6/tcxzRHwl0z+AStEZpegw==",
            "secondary_blob_connection_string": "",
            "secondary_blob_endpoint": null,
            "secondary_blob_host": null,
            "secondary_connection_string": "DefaultEndpointsProtocol=https;AccountName=devbeskarst;AccountKey=yZqrXnKN54/gYQbYzKqXifLhHamsd7eSgKmYo+By/y02xTyKe/upRaMj9Hpooufx6/tcxzRHwl0z+AStEZpegw==;EndpointSuffix=core.windows.net",
            "secondary_dfs_endpoint": null,
            "secondary_dfs_host": null,
            "secondary_file_endpoint": null,
            "secondary_file_host": null,
            "secondary_location": "",
            "secondary_queue_endpoint": null,
            "secondary_queue_host": null,
            "secondary_table_endpoint": null,
            "secondary_table_host": null,
            "secondary_web_endpoint": null,
            "secondary_web_host": null,
            "share_properties": [
              {
                "cors_rule": [],
                "retention_policy": [
                  {
                    "days": 7
                  }
                ],
                "smb": []
              }
            ],
            "shared_access_key_enabled": true,
            "static_website": [],
            "table_encryption_key_type": "Service",
            "tags": null,
            "timeouts": null
          },
          "sensitive_attributes": [],
          "private": "eyJlMmJmYjczMC1lY2FhLTExZTYtOGY4OC0zNDM2M2JjN2M0YzAiOnsiY3JlYXRlIjozNjAwMDAwMDAwMDAwLCJkZWxldGUiOjM2MDAwMDAwMDAwMDAsInJlYWQiOjMwMDAwMDAwMDAwMCwidXBkYXRlIjozNjAwMDAwMDAwMDAwfSwic2NoZW1hX3ZlcnNpb24iOiIzIn0=",
          "dependencies": [
            "azurerm_resource_group.resource_group"
          ]
        }
      ]
    }
  ]
}
